Microsoft Visual Studio Solution File, Format Version 12.00
# Visual Studio Version 17
VisualStudioVersion = 17.5.2.0
MinimumVisualStudioVersion = 10.0.40219.1
Project("{2150E333-8FDC-42A3-9474-1A3956D46DE8}") = "test_cases", "test_cases", "{A28E742B-A511-378E-9061-D751A7341A4F}"
EndProject
Project("{FAE04EC0-301F-11D3-BF4B-00C04F79EFBC}") = "PythonTestProject", "test_cases\PythonTestProject\PythonTestProject.csproj", "{A6F1E06F-7CB5-B6EB-9B39-E8ABAF409899}"
EndProject
Global
	GlobalSection(SolutionConfigurationPlatforms) = preSolution
		Debug|Any CPU = Debug|Any CPU
		Release|Any CPU = Release|Any CPU
	EndGlobalSection
	GlobalSection(ProjectConfigurationPlatforms) = postSolution
		{A6F1E06F-7CB5-B6EB-9B39-E8ABAF409899}.Debug|Any CPU.ActiveCfg = Debug|Any CPU
		{A6F1E06F-7CB5-B6EB-9B39-E8ABAF409899}.Debug|Any CPU.Build.0 = Debug|Any CPU
		{A6F1E06F-7CB5-B6EB-9B39-E8ABAF409899}.Release|Any CPU.ActiveCfg = Release|Any CPU
		{A6F1E06F-7CB5-B6EB-9B39-E8ABAF409899}.Release|Any CPU.Build.0 = Release|Any CPU
	EndGlobalSection
	GlobalSection(SolutionProperties) = preSolution
		HideSolutionNode = FALSE
	EndGlobalSection
	GlobalSection(NestedProjects) = preSolution
		{A6F1E06F-7CB5-B6EB-9B39-E8ABAF409899} = {A28E742B-A511-378E-9061-D751A7341A4F}
	EndGlobalSection
	GlobalSection(ExtensibilityGlobals) = postSolution
		SolutionGuid = {008CB65F-914F-4E06-B40A-52D3874BE358}
	EndGlobalSection
EndGlobal
